{
    "name": "@spec-box/sync",
    "version": "0.0.2-beta.1",
    "lockfileVersion": 3,
    "requires": true,
    "packages": {
        "": {
            "name": "@spec-box/sync",
            "version": "0.0.2-beta.1",
            "license": "MIT",
            "dependencies": {
                "@azure/core-client": "^1.7.3",
                "@azure/core-rest-pipeline": "^1.11.0",
                "fast-glob": "^3.3.0",
                "fp-ts": "^2.16.0",
                "fs-extra": "^11.1.1",
                "io-ts": "^2.2.20",
                "tslib": "^2.6.0",
                "yaml": "^2.3.1",
                "yargs": "^17.7.2"
            },
            "devDependencies": {
                "@types/fs-extra": "^11.0.1",
                "@types/node": "^20.4.2",
                "@types/yargs": "^17.0.24",
                "autorest": "^3.6.3",
                "ts-node": "^10.9.1",
                "typescript": "^5.1.6"
            }
        },
        "node_modules/@azure/abort-controller": {
            "version": "1.1.0",
            "resolved": "https://npm.yandex-team.ru/@azure%2fabort-controller/-/abort-controller-1.1.0.tgz?rbtorrent=4435dca7df2ca4827b0fde41fcb561368a78329c",
            "integrity": "sha512-TrRLIoSQVzfAJX9H1JeFjzAoDGcoK1IYX1UImfceTZpsyYfWr09Ss1aHW1y5TrrR3iq6RZLBwJ3E24uwPhwahw==",
            "license": "MIT",
            "dependencies": {
                "tslib": "^2.2.0"
            },
            "engines": {
                "node": ">=12.0.0"
            }
        },
        "node_modules/@azure/core-auth": {
            "version": "1.4.0",
            "resolved": "https://npm.yandex-team.ru/@azure%2fcore-auth/-/core-auth-1.4.0.tgz?rbtorrent=98e29f2b3593fa50ef9e53a2db35e068c6f60928",
            "integrity": "sha512-HFrcTgmuSuukRf/EdPmqBrc5l6Q5Uu+2TbuhaKbgaCpP2TfAeiNaQPAadxO+CYBRHGUzIDteMAjFspFLDLnKVQ==",
            "license": "MIT",
            "dependencies": {
                "@azure/abort-controller": "^1.0.0",
                "tslib": "^2.2.0"
            },
            "engines": {
                "node": ">=12.0.0"
            }
        },
        "node_modules/@azure/core-client": {
            "version": "1.7.3",
            "resolved": "https://npm.yandex-team.ru/@azure%2fcore-client/-/core-client-1.7.3.tgz?rbtorrent=b5ce04098d2d3311b3be05a505cfcbae7bb66ee9",
            "integrity": "sha512-kleJ1iUTxcO32Y06dH9Pfi9K4U+Tlb111WXEnbt7R/ne+NLRwppZiTGJuTD5VVoxTMK5NTbEtm5t2vcdNCFe2g==",
            "license": "MIT",
            "dependencies": {
                "@azure/abort-controller": "^1.0.0",
                "@azure/core-auth": "^1.4.0",
                "@azure/core-rest-pipeline": "^1.9.1",
                "@azure/core-tracing": "^1.0.0",
                "@azure/core-util": "^1.0.0",
                "@azure/logger": "^1.0.0",
                "tslib": "^2.2.0"
            },
            "engines": {
                "node": ">=14.0.0"
            }
        },
        "node_modules/@azure/core-rest-pipeline": {
            "version": "1.11.0",
            "resolved": "https://npm.yandex-team.ru/@azure%2fcore-rest-pipeline/-/core-rest-pipeline-1.11.0.tgz?rbtorrent=8ed6c7b11379192d60949af73154ff63e8b85bc3",
            "integrity": "sha512-nB4KXl6qAyJmBVLWA7SakT4tzpYZTCk4pvRBeI+Ye0WYSOrlTqlMhc4MSS/8atD3ufeYWdkN380LLoXlUUzThw==",
            "license": "MIT",
            "dependencies": {
                "@azure/abort-controller": "^1.0.0",
                "@azure/core-auth": "^1.4.0",
                "@azure/core-tracing": "^1.0.1",
                "@azure/core-util": "^1.3.0",
                "@azure/logger": "^1.0.0",
                "form-data": "^4.0.0",
                "http-proxy-agent": "^5.0.0",
                "https-proxy-agent": "^5.0.0",
                "tslib": "^2.2.0"
            },
            "engines": {
                "node": ">=14.0.0"
            }
        },
        "node_modules/@azure/core-tracing": {
            "version": "1.0.1",
            "resolved": "https://npm.yandex-team.ru/@azure%2fcore-tracing/-/core-tracing-1.0.1.tgz?rbtorrent=92510b736b96004a490925597443b3d4e9cfe5f3",
            "integrity": "sha512-I5CGMoLtX+pI17ZdiFJZgxMJApsK6jjfm85hpgp3oazCdq5Wxgh4wMr7ge/TTWW1B5WBuvIOI1fMU/FrOAMKrw==",
            "license": "MIT",
            "dependencies": {
                "tslib": "^2.2.0"
            },
            "engines": {
                "node": ">=12.0.0"
            }
        },
        "node_modules/@azure/core-util": {
            "version": "1.3.2",
            "resolved": "https://npm.yandex-team.ru/@azure%2fcore-util/-/core-util-1.3.2.tgz?rbtorrent=a91706bddd5bd1754e1e552d0fc0440c0a90d10d",
            "integrity": "sha512-2bECOUh88RvL1pMZTcc6OzfobBeWDBf5oBbhjIhT1MV9otMVWCzpOJkkiKtrnO88y5GGBelgY8At73KGAdbkeQ==",
            "license": "MIT",
            "dependencies": {
                "@azure/abort-controller": "^1.0.0",
                "tslib": "^2.2.0"
            },
            "engines": {
                "node": ">=14.0.0"
            }
        },
        "node_modules/@azure/logger": {
            "version": "1.0.4",
            "resolved": "https://npm.yandex-team.ru/@azure%2flogger/-/logger-1.0.4.tgz?rbtorrent=15248976dd49807abf4240172e2ad4c01aad7d76",
            "integrity": "sha512-ustrPY8MryhloQj7OWGe+HrYx+aoiOxzbXTtgblbV3xwCqpzUK36phH3XNHQKj3EPonyFUuDTfR3qFhTEAuZEg==",
            "license": "MIT",
            "dependencies": {
                "tslib": "^2.2.0"
            },
            "engines": {
                "node": ">=14.0.0"
            }
        },
        "node_modules/@cspotcode/source-map-support": {
            "version": "0.8.1",
            "resolved": "https://npm.yandex-team.ru/@cspotcode%2fsource-map-support/-/source-map-support-0.8.1.tgz?rbtorrent=816aed2d73d30be99838a5db9bf5a951d606c697",
            "integrity": "sha512-IchNf6dN4tHoMFIn/7OE8LWZ19Y6q/67Bmf6vnGREv8RSbBVb9LPJxEcnwrcwX6ixSvaiGoomAUvu4YSxXrVgw==",
            "dev": true,
            "license": "MIT",
            "dependencies": {
                "@jridgewell/trace-mapping": "0.3.9"
            },
            "engines": {
                "node": ">=12"
            }
        },
        "node_modules/@jridgewell/resolve-uri": {
            "version": "3.1.1",
            "resolved": "https://npm.yandex-team.ru/@jridgewell%2fresolve-uri/-/resolve-uri-3.1.1.tgz?rbtorrent=0b8a9133b38ee4e9dcadf0545a9bb882b679d8e8",
            "integrity": "sha512-dSYZh7HhCDtCKm4QakX0xFpsRDqjjtZf/kjI/v3T3Nwt5r8/qz/M19F9ySyOqU94SXBmeG9ttTul+YnR4LOxFA==",
            "dev": true,
            "license": "MIT",
            "engines": {
                "node": ">=6.0.0"
            }
        },
        "node_modules/@jridgewell/sourcemap-codec": {
            "version": "1.4.15",
            "resolved": "https://npm.yandex-team.ru/@jridgewell%2fsourcemap-codec/-/sourcemap-codec-1.4.15.tgz?rbtorrent=9488d96fab72ab83335cfbf72ede8eb7900872ff",
            "integrity": "sha512-eF2rxCRulEKXHTRiDrDy6erMYWqNw4LPdQ8UQA4huuxaQsVeRPFl2oM8oDGxMFhJUWZf9McpLtJasDDZb/Bpeg==",
            "dev": true,
            "license": "MIT"
        },
        "node_modules/@jridgewell/trace-mapping": {
            "version": "0.3.9",
            "resolved": "https://npm.yandex-team.ru/@jridgewell%2ftrace-mapping/-/trace-mapping-0.3.9.tgz?rbtorrent=8c5f678fe9dd416fcd13904986957bd1aff87e49",
            "integrity": "sha512-3Belt6tdc8bPgAtbcmdtNJlirVoTmEb5e2gC94PnkwEW9jI6CAHUeoG85tjWP5WquqfavoMtMwiG4P926ZKKuQ==",
            "dev": true,
            "license": "MIT",
            "dependencies": {
                "@jridgewell/resolve-uri": "^3.0.3",
                "@jridgewell/sourcemap-codec": "^1.4.10"
            }
        },
        "node_modules/@nodelib/fs.scandir": {
            "version": "2.1.5",
            "resolved": "https://npm.yandex-team.ru/@nodelib%2ffs.scandir/-/fs.scandir-2.1.5.tgz?rbtorrent=20a3ce459bcd9f4569c95f2cea540cc5a0a6cabd",
            "integrity": "sha512-vq24Bq3ym5HEQm2NKCr3yXDwjc7vTsEThRDnkp2DK9p1uqLR+DHurm/NOTo0KG7HYHU7eppKZj3MyqYuMBf62g==",
            "license": "MIT",
            "dependencies": {
                "@nodelib/fs.stat": "2.0.5",
                "run-parallel": "^1.1.9"
            },
            "engines": {
                "node": ">= 8"
            }
        },
        "node_modules/@nodelib/fs.stat": {
            "version": "2.0.5",
            "resolved": "https://npm.yandex-team.ru/@nodelib%2ffs.stat/-/fs.stat-2.0.5.tgz?rbtorrent=2a7527fa1e978156ee9355b7937bf361358af755",
            "integrity": "sha512-RkhPPp2zrqDAQA/2jNhnztcPAlv64XdhIp7a7454A5ovI7Bukxgt7MX7udwAu3zg1DcpPU0rz3VV1SeaqvY4+A==",
            "license": "MIT",
            "engines": {
                "node": ">= 8"
            }
        },
        "node_modules/@nodelib/fs.walk": {
            "version": "1.2.8",
            "resolved": "https://npm.yandex-team.ru/@nodelib%2ffs.walk/-/fs.walk-1.2.8.tgz?rbtorrent=5ddf43cf39be33dc869be719befc88768abc2eb1",
            "integrity": "sha512-oGB+UxlgWcgQkgwo8GcEGwemoTFt3FIO9ababBmaGwXIoBKZ+GTy0pP185beGg7Llih/NSHSV2XAs1lnznocSg==",
            "license": "MIT",
            "dependencies": {
                "@nodelib/fs.scandir": "2.1.5",
                "fastq": "^1.6.0"
            },
            "engines": {
                "node": ">= 8"
            }
        },
        "node_modules/@tootallnate/once": {
            "version": "2.0.0",
            "resolved": "https://npm.yandex-team.ru/@tootallnate%2fonce/-/once-2.0.0.tgz?rbtorrent=23b462a593765450973514e30a9cc4e6b950fcbd",
            "integrity": "sha512-XCuKFP5PS55gnMVu3dty8KPatLqUoy/ZYzDzAGCQ8JNFCkLXzmI7vNHCR+XpbZaMWQK/vQubr7PkYq8g470J/A==",
            "license": "MIT",
            "engines": {
                "node": ">= 10"
            }
        },
        "node_modules/@tsconfig/node10": {
            "version": "1.0.9",
            "resolved": "https://npm.yandex-team.ru/@tsconfig%2fnode10/-/node10-1.0.9.tgz?rbtorrent=cdb52726f3ad1b0e246660a18fa738c37011b2e1",
            "integrity": "sha512-jNsYVVxU8v5g43Erja32laIDHXeoNvFEpX33OK4d6hljo3jDhCBDhx5dhCCTMWUojscpAagGiRkBKxpdl9fxqA==",
            "dev": true,
            "license": "MIT"
        },
        "node_modules/@tsconfig/node12": {
            "version": "1.0.11",
            "resolved": "https://npm.yandex-team.ru/@tsconfig%2fnode12/-/node12-1.0.11.tgz?rbtorrent=2fe57074e6598757badc27432490a1a5c85cf7dd",
            "integrity": "sha512-cqefuRsh12pWyGsIoBKJA9luFu3mRxCA+ORZvA4ktLSzIuCUtWVxGIuXigEwO5/ywWFMZ2QEGKWvkZG1zDMTag==",
            "dev": true,
            "license": "MIT"
        },
        "node_modules/@tsconfig/node14": {
            "version": "1.0.3",
            "resolved": "https://npm.yandex-team.ru/@tsconfig%2fnode14/-/node14-1.0.3.tgz?rbtorrent=2ee687eea1acf53614b3e1c0e97f7c6cf34c99eb",
            "integrity": "sha512-ysT8mhdixWK6Hw3i1V2AeRqZ5WfXg1G43mqoYlM2nc6388Fq5jcXyr5mRsqViLx/GJYdoL0bfXD8nmF+Zn/Iow==",
            "dev": true,
            "license": "MIT"
        },
        "node_modules/@tsconfig/node16": {
            "version": "1.0.4",
            "resolved": "https://npm.yandex-team.ru/@tsconfig%2fnode16/-/node16-1.0.4.tgz?rbtorrent=4c3f792167bd75c411d914ef44c78b3630ca41e9",
            "integrity": "sha512-vxhUy4J8lyeyinH7Azl1pdd43GJhZH/tP2weN8TntQblOY+A0XbT8DJk1/oCPuOOyg/Ja757rG0CgHcWC8OfMA==",
            "dev": true,
            "license": "MIT"
        },
        "node_modules/@types/fs-extra": {
            "version": "11.0.1",
            "resolved": "https://npm.yandex-team.ru/@types%2ffs-extra/-/fs-extra-11.0.1.tgz?rbtorrent=546526b0e177ec4c773eb5a2c422ba072055bedc",
            "integrity": "sha512-MxObHvNl4A69ofaTRU8DFqvgzzv8s9yRtaPPm5gud9HDNvpB3GPQFvNuTWAI59B9huVGV5jXYJwbCsmBsOGYWA==",
            "dev": true,
            "license": "MIT",
            "dependencies": {
                "@types/jsonfile": "*",
                "@types/node": "*"
            }
        },
        "node_modules/@types/jsonfile": {
            "version": "6.1.1",
            "resolved": "https://npm.yandex-team.ru/@types%2fjsonfile/-/jsonfile-6.1.1.tgz?rbtorrent=43219cfdb6d08065684c9ee807458c4e1399beb0",
            "integrity": "sha512-GSgiRCVeapDN+3pqA35IkQwasaCh/0YFH5dEF6S88iDvEn901DjOeH3/QPY+XYP1DFzDZPvIvfeEgk+7br5png==",
            "dev": true,
            "license": "MIT",
            "dependencies": {
                "@types/node": "*"
            }
        },
        "node_modules/@types/node": {
            "version": "20.4.2",
            "resolved": "https://npm.yandex-team.ru/@types%2fnode/-/node-20.4.2.tgz?rbtorrent=ae84e7130bb23d0fa294ae7ed46879bd623a4f78",
            "integrity": "sha512-Dd0BYtWgnWJKwO1jkmTrzofjK2QXXcai0dmtzvIBhcA+RsG5h8R3xlyta0kGOZRNfL9GuRtb1knmPEhQrePCEw==",
            "dev": true,
            "license": "MIT"
        },
        "node_modules/@types/yargs": {
            "version": "17.0.24",
            "resolved": "https://npm.yandex-team.ru/@types%2fyargs/-/yargs-17.0.24.tgz?rbtorrent=7487ae563c8eee8af3336a0ecdba5d18a1e5df56",
            "integrity": "sha512-6i0aC7jV6QzQB8ne1joVZ0eSFIstHsCrobmOtghM11yGlH0j43FKL2UhWdELkyps0zuf7qVTUVCCR+tgSlyLLw==",
            "dev": true,
            "license": "MIT",
            "dependencies": {
                "@types/yargs-parser": "*"
            }
        },
        "node_modules/@types/yargs-parser": {
            "version": "21.0.0",
            "resolved": "https://npm.yandex-team.ru/@types%2fyargs-parser/-/yargs-parser-21.0.0.tgz?rbtorrent=dba87c5f5f665b48ed030ac8241d8805623e8300",
            "integrity": "sha512-iO9ZQHkZxHn4mSakYV0vFHAVDyEOIJQrV2uZ06HxEPcx+mt8swXoZHIbaaJ2crJYFfErySgktuTZ3BeLz+XmFA==",
            "dev": true,
            "license": "MIT"
        },
        "node_modules/acorn": {
            "version": "8.10.0",
            "resolved": "https://npm.yandex-team.ru/acorn/-/acorn-8.10.0.tgz?rbtorrent=39ac6d218aaa5ef56c6b5d464bccfe3497b4e2bb",
            "integrity": "sha512-F0SAmZ8iUtS//m8DmCTA0jlh6TDKkHQyK6xc6V4KDTyZKA9dnvX9/3sRTVQrWm79glUAZbnmmNcdYwUIHWVybw==",
            "dev": true,
            "license": "MIT",
            "bin": {
                "acorn": "bin/acorn"
            },
            "engines": {
                "node": ">=0.4.0"
            }
        },
        "node_modules/acorn-walk": {
            "version": "8.2.0",
            "resolved": "https://npm.yandex-team.ru/acorn-walk/-/acorn-walk-8.2.0.tgz?rbtorrent=c1661e57cc5c81607bec4a91ba4dd73b91110ef2",
            "integrity": "sha512-k+iyHEuPgSw6SbuDpGQM+06HQUa04DZ3o+F6CSzXMvvI5KMvnaEqXe+YVe555R9nn6GPt404fos4wcgpw12SDA==",
            "dev": true,
            "license": "MIT",
            "engines": {
                "node": ">=0.4.0"
            }
        },
        "node_modules/agent-base": {
            "version": "6.0.2",
            "resolved": "https://npm.yandex-team.ru/agent-base/-/agent-base-6.0.2.tgz?rbtorrent=70993ec56a8bafd128851eac4ee9e62bbddce1e2",
            "integrity": "sha512-RZNwNclF7+MS/8bDg70amg32dyeZGZxiDuQmZxKLAlQjr3jGyLx+4Kkk58UO7D2QdgFIQCovuSuZESne6RG6XQ==",
            "license": "MIT",
            "dependencies": {
                "debug": "4"
            },
            "engines": {
                "node": ">= 6.0.0"
            }
        },
        "node_modules/ansi-regex": {
            "version": "5.0.1",
            "resolved": "https://npm.yandex-team.ru/ansi-regex/-/ansi-regex-5.0.1.tgz?rbtorrent=1b2c28e53f2df9567d964d2735662fad58107fae",
            "integrity": "sha512-quJQXlTSUGL2LH9SUXo8VwsY4soanhgo6LNSm84E1LBcE8s3O0wpdiRzyR9z/ZZJMlMWv37qOOb9pdJlMUEKFQ==",
            "license": "MIT",
            "engines": {
                "node": ">=8"
            }
        },
        "node_modules/ansi-styles": {
            "version": "4.3.0",
            "resolved": "https://npm.yandex-team.ru/ansi-styles/-/ansi-styles-4.3.0.tgz?rbtorrent=71a8bd57f3f3a63a5b0ae879a761b238bb3dd3d7",
            "integrity": "sha512-zbB9rCJAT1rbjiVDb2hqKFHNYLxgtk8NURxZ3IZwD3F6NtxbXZQCnnSi1Lkx+IDohdPlFp222wVALIheZJQSEg==",
            "license": "MIT",
            "dependencies": {
                "color-convert": "^2.0.1"
            },
            "engines": {
                "node": ">=8"
            },
            "funding": {
                "url": "https://github.com/chalk/ansi-styles?sponsor=1"
            }
        },
        "node_modules/arg": {
            "version": "4.1.3",
            "resolved": "https://npm.yandex-team.ru/arg/-/arg-4.1.3.tgz?rbtorrent=8415d85bdb76a0e259c5161616809aadb965aae0",
            "integrity": "sha512-58S9QDqG0Xx27YwPSt9fJxivjYl432YCwfDMfZ+71RAqUrZef7LrKQZ3LHLOwCS4FLNBplP533Zx895SeOCHvA==",
            "dev": true,
            "license": "MIT"
        },
        "node_modules/asynckit": {
            "version": "0.4.0",
            "resolved": "https://npm.yandex-team.ru/asynckit/-/asynckit-0.4.0.tgz?rbtorrent=1553f85c44099047a7a523650e761f039c77d322",
            "integrity": "sha1-x57Zf380y48robyXkLzDZkdLS3k=",
            "license": "MIT"
        },
        "node_modules/autorest": {
            "version": "3.6.3",
            "resolved": "https://npm.yandex-team.ru/autorest/-/autorest-3.6.3.tgz?rbtorrent=99325027daff4aefbbd599d6eadbfd4c58dd2759",
            "integrity": "sha512-j/Axwk9bniifTNtBLYVxfQZGQIGPKljFaCQCBWOiybVar2j3tkHP1btiC4a/t9pAJXY6IaFgWctoPM3G/Puhyg==",
            "dev": true,
            "hasInstallScript": true,
            "license": "MIT",
            "bin": {
                "autorest": "entrypoints/app.js"
            },
            "engines": {
                "node": ">=12.0.0"
            }
        },
        "node_modules/braces": {
            "version": "3.0.2",
            "resolved": "https://npm.yandex-team.ru/braces/-/braces-3.0.2.tgz?rbtorrent=1d01d8da37e544b5d8376199011d46fe8dc8e582",
            "integrity": "sha512-b8um+L1RzM3WDSzvhm6gIz1yfTbBt6YTlcEKAvsmqCZZFw46z626lVj9j1yEPW33H5H+lBQpZMP1k8l+78Ha0A==",
            "license": "MIT",
            "dependencies": {
                "fill-range": "^7.0.1"
            },
            "engines": {
                "node": ">=8"
            }
        },
        "node_modules/cliui": {
            "version": "8.0.1",
            "resolved": "https://npm.yandex-team.ru/cliui/-/cliui-8.0.1.tgz?rbtorrent=45d86472a005c309d221fd9207d7001cceaaf5a8",
            "integrity": "sha512-BSeNnyus75C4//NQ9gQt1/csTXyo/8Sb+afLAkzAptFuMsod9HFokGNudZpi/oQV73hnVK+sR+5PVRMd+Dr7YQ==",
            "license": "ISC",
            "dependencies": {
                "string-width": "^4.2.0",
                "strip-ansi": "^6.0.1",
                "wrap-ansi": "^7.0.0"
            },
            "engines": {
                "node": ">=12"
            }
        },
        "node_modules/color-convert": {
            "version": "2.0.1",
            "resolved": "https://npm.yandex-team.ru/color-convert/-/color-convert-2.0.1.tgz?rbtorrent=769fb795063f259bce31a9f20fc15b0d42646b2e",
            "integrity": "sha512-RRECPsj7iu/xb5oKYcsFHSppFNnsj/52OVTRKb4zP5onXwVF3zVmmToNcOfGC+CRDpfK/U584fMg38ZHCaElKQ==",
            "license": "MIT",
            "dependencies": {
                "color-name": "~1.1.4"
            },
            "engines": {
                "node": ">=7.0.0"
            }
        },
        "node_modules/color-name": {
            "version": "1.1.4",
            "resolved": "https://npm.yandex-team.ru/color-name/-/color-name-1.1.4.tgz?rbtorrent=bfe35c629295f687cdeea3875ee112eb55eb6b93",
            "integrity": "sha512-dOy+3AuW3a2wNbZHIuMZpTcgjGuLU/uBL/ubcZF9OXbDo8ff4O8yVp5Bf0efS8uEoYo5q4Fx7dY9OgQGXgAsQA==",
            "license": "MIT"
        },
        "node_modules/combined-stream": {
            "version": "1.0.8",
            "resolved": "https://npm.yandex-team.ru/combined-stream/-/combined-stream-1.0.8.tgz?rbtorrent=a90a2c7a1dc392dce545e609ee7a33b8459e5687",
            "integrity": "sha512-FQN4MRfuJeHf7cBbBMJFXhKSDq+2kAArBlmRBvcvFE5BB1HZKXtSFASDhdlz9zOYwxh8lDdnvmMOe/+5cdoEdg==",
            "license": "MIT",
            "dependencies": {
                "delayed-stream": "~1.0.0"
            },
            "engines": {
                "node": ">= 0.8"
            }
        },
        "node_modules/create-require": {
            "version": "1.1.1",
            "resolved": "https://npm.yandex-team.ru/create-require/-/create-require-1.1.1.tgz?rbtorrent=9e2c910286d79dfd71f5c4e30b4313e92ed0326e",
            "integrity": "sha512-dcKFX3jn0MpIaXjisoRvexIJVEKzaq7z2rZKxf+MSr9TkdmHmsU4m2lcLojrj/FHl8mk5VxMmYA+ftRkP/3oKQ==",
            "dev": true,
            "license": "MIT"
        },
        "node_modules/debug": {
            "version": "4.3.4",
            "resolved": "https://npm.yandex-team.ru/debug/-/debug-4.3.4.tgz?rbtorrent=f132914bb7359f9b0a7f85f6f8a73dd70702bd71",
            "integrity": "sha512-PRWFHuSU3eDtQJPvnNY7Jcket1j0t5OuOsFzPPzsekD52Zl8qUfFIPEiswXqIvHWGVHOgX+7G/vCNNhehwxfkQ==",
            "license": "MIT",
            "dependencies": {
                "ms": "2.1.2"
            },
            "engines": {
                "node": ">=6.0"
            },
            "peerDependenciesMeta": {
                "supports-color": {
                    "optional": true
                }
            }
        },
        "node_modules/delayed-stream": {
            "version": "1.0.0",
            "resolved": "https://npm.yandex-team.ru/delayed-stream/-/delayed-stream-1.0.0.tgz?rbtorrent=44bab21eb37f612ce8864509107904da4dd90f8d",
            "integrity": "sha1-3zrhmayt+31ECqrgsp4icrJOxhk=",
            "license": "MIT",
            "engines": {
                "node": ">=0.4.0"
            }
        },
        "node_modules/diff": {
            "version": "4.0.2",
            "resolved": "https://npm.yandex-team.ru/diff/-/diff-4.0.2.tgz?rbtorrent=1bac4e8303e581fb5abf61964cffb621700cd3ce",
            "integrity": "sha512-58lmxKSA4BNyLz+HHMUzlOEpg09FV+ev6ZMe3vJihgdxzgcwZ8VoEEPmALCZG9LmqfVoNMMKpttIYTVG6uDY7A==",
            "dev": true,
            "license": "BSD-3-Clause",
            "engines": {
                "node": ">=0.3.1"
            }
        },
        "node_modules/emoji-regex": {
            "version": "8.0.0",
            "resolved": "https://npm.yandex-team.ru/emoji-regex/-/emoji-regex-8.0.0.tgz?rbtorrent=9c63733fe9e4b60ec6164b7b90f008f886358190",
            "integrity": "sha512-MSjYzcWNOA0ewAHpz0MxpYFvwg6yjy1NG3xteoqz644VCo/RPgnr1/GGt+ic3iJTzQ8Eu3TdM14SawnVUmGE6A==",
            "license": "MIT"
        },
        "node_modules/escalade": {
            "version": "3.1.1",
            "resolved": "https://npm.yandex-team.ru/escalade/-/escalade-3.1.1.tgz?rbtorrent=24b3dfba81fd9b126b9af3b560ead79d61a5a4f0",
            "integrity": "sha512-k0er2gUkLf8O0zKJiAhmkTnJlTvINGv7ygDNPbeIsX/TJjGJZHuh9B2UxbsaEkmlEo9MfhrSzmhIlhRlI2GXnw==",
            "license": "MIT",
            "engines": {
                "node": ">=6"
            }
        },
        "node_modules/fast-glob": {
            "version": "3.3.0",
            "resolved": "https://npm.yandex-team.ru/fast-glob/-/fast-glob-3.3.0.tgz?rbtorrent=f8c6b515f0eea085ef684049e6f15985571bd779",
            "integrity": "sha512-ChDuvbOypPuNjO8yIDf36x7BlZX1smcUMTTcyoIjycexOxd6DFsKsg21qVBzEmr3G7fUKIRy2/psii+CIUt7FA==",
            "license": "MIT",
            "dependencies": {
                "@nodelib/fs.stat": "^2.0.2",
                "@nodelib/fs.walk": "^1.2.3",
                "glob-parent": "^5.1.2",
                "merge2": "^1.3.0",
                "micromatch": "^4.0.4"
            },
            "engines": {
                "node": ">=8.6.0"
            }
        },
        "node_modules/fastq": {
            "version": "1.15.0",
            "resolved": "https://npm.yandex-team.ru/fastq/-/fastq-1.15.0.tgz?rbtorrent=d9a9dfc3c983907bcd2ac8a270fb1b6fe0ae89d8",
            "integrity": "sha512-wBrocU2LCXXa+lWBt8RoIRD89Fi8OdABODa/kEnyeyjS5aZO5/GNvI5sEINADqP/h8M29UHTHUb53sUu5Ihqdw==",
            "license": "ISC",
            "dependencies": {
                "reusify": "^1.0.4"
            }
        },
        "node_modules/fill-range": {
            "version": "7.0.1",
            "resolved": "https://npm.yandex-team.ru/fill-range/-/fill-range-7.0.1.tgz?rbtorrent=90f6f804f0d5e258b4a939fc447b33b7c0dc89ed",
            "integrity": "sha512-qOo9F+dMUmC2Lcb4BbVvnKJxTPjCm+RRpe4gDuGrzkL7mEVl/djYSu2OdQ2Pa302N4oqkSg9ir6jaLWJ2USVpQ==",
            "license": "MIT",
            "dependencies": {
                "to-regex-range": "^5.0.1"
            },
            "engines": {
                "node": ">=8"
            }
        },
        "node_modules/form-data": {
            "version": "4.0.0",
            "resolved": "https://npm.yandex-team.ru/form-data/-/form-data-4.0.0.tgz?rbtorrent=b36f51a9bbd2409a42e713bfb50faf260fdb732a",
            "integrity": "sha512-ETEklSGi5t0QMZuiXoA/Q6vcnxcLQP5vdugSpuAyi6SVGi2clPPp+xgEhuMaHC+zGgn31Kd235W35f7Hykkaww==",
            "license": "MIT",
            "dependencies": {
                "asynckit": "^0.4.0",
                "combined-stream": "^1.0.8",
                "mime-types": "^2.1.12"
            },
            "engines": {
                "node": ">= 6"
            }
        },
        "node_modules/fp-ts": {
            "version": "2.16.0",
            "resolved": "https://npm.yandex-team.ru/fp-ts/-/fp-ts-2.16.0.tgz?rbtorrent=00d7b58548f45d3345c1cb5a3cf2dc239c4ac50c",
            "integrity": "sha512-bLq+KgbiXdTEoT1zcARrWEpa5z6A/8b7PcDW7Gef3NSisQ+VS7ll2Xbf1E+xsgik0rWub/8u0qP/iTTjj+PhxQ==",
            "license": "MIT"
        },
        "node_modules/fs-extra": {
            "version": "11.1.1",
            "resolved": "https://npm.yandex-team.ru/fs-extra/-/fs-extra-11.1.1.tgz?rbtorrent=b84574248c859e7201a128f2dd26d90670bfc261",
            "integrity": "sha512-MGIE4HOvQCeUCzmlHs0vXpih4ysz4wg9qiSAu6cd42lVwPbTM1TjV7RusoyQqMmk/95gdQZX72u+YW+c3eEpFQ==",
            "license": "MIT",
            "dependencies": {
                "graceful-fs": "^4.2.0",
                "jsonfile": "^6.0.1",
                "universalify": "^2.0.0"
            },
            "engines": {
                "node": ">=14.14"
            }
        },
        "node_modules/get-caller-file": {
            "version": "2.0.5",
            "resolved": "https://npm.yandex-team.ru/get-caller-file/-/get-caller-file-2.0.5.tgz?rbtorrent=7388a9547e901af57589cc4a5a879a2c1c79ca6b",
            "integrity": "sha512-DyFP3BM/3YHTQOCUL/w0OZHR0lpKeGrxotcHWcqNEdnltqFwXVfhEBQ94eIo34AfQpo0rGki4cyIiftY06h2Fg==",
            "license": "ISC",
            "engines": {
                "node": "6.* || 8.* || >= 10.*"
            }
        },
        "node_modules/glob-parent": {
            "version": "5.1.2",
            "resolved": "https://npm.yandex-team.ru/glob-parent/-/glob-parent-5.1.2.tgz?rbtorrent=7f75a998dfd20d04f4fba126c6211efce18545ef",
            "integrity": "sha512-AOIgSQCepiJYwP3ARnGx+5VnTu2HBYdzbGP45eLw1vr3zB3vZLeyed1sC9hnbcOc9/SrMyM5RPQrkGz4aS9Zow==",
            "license": "ISC",
            "dependencies": {
                "is-glob": "^4.0.1"
            },
            "engines": {
                "node": ">= 6"
            }
        },
        "node_modules/graceful-fs": {
            "version": "4.2.11",
            "resolved": "https://npm.yandex-team.ru/graceful-fs/-/graceful-fs-4.2.11.tgz?rbtorrent=251aa13f9ef4151aff391872f25b06d079421837",
            "integrity": "sha512-RbJ5/jmFcNNCcDV5o9eTnBLJ/HszWV0P73bc+Ff4nS/rJj+YaS6IGyiOL0VoBYX+l1Wrl3k63h/KrH+nhJ0XvQ==",
            "license": "ISC"
        },
        "node_modules/http-proxy-agent": {
            "version": "5.0.0",
            "resolved": "https://npm.yandex-team.ru/http-proxy-agent/-/http-proxy-agent-5.0.0.tgz?rbtorrent=5aca9bda5b60ab0dba23a313e7138bad2c85bb40",
            "integrity": "sha512-n2hY8YdoRE1i7r6M0w9DIw5GgZN0G25P8zLCRQ8rjXtTU3vsNFBI/vWK/UIeE6g5MUUz6avwAPXmL6Fy9D/90w==",
            "license": "MIT",
            "dependencies": {
                "@tootallnate/once": "2",
                "agent-base": "6",
                "debug": "4"
            },
            "engines": {
                "node": ">= 6"
            }
        },
        "node_modules/https-proxy-agent": {
            "version": "5.0.1",
            "resolved": "https://npm.yandex-team.ru/https-proxy-agent/-/https-proxy-agent-5.0.1.tgz?rbtorrent=f3ea1bcad234e95362cce4a8dd7244d9d29074e6",
            "integrity": "sha512-dFcAjpTQFgoLMzC2VwU+C/CbS7uRL0lWmxDITmqm7C+7F0Odmj6s9l6alZc6AELXhrnggM2CeWSXHGOdX2YtwA==",
            "license": "MIT",
            "dependencies": {
                "agent-base": "6",
                "debug": "4"
            },
            "engines": {
                "node": ">= 6"
            }
        },
        "node_modules/io-ts": {
            "version": "2.2.20",
            "resolved": "https://npm.yandex-team.ru/io-ts/-/io-ts-2.2.20.tgz?rbtorrent=251fc3b04e10319158b3acbc8f073edad288e6fe",
            "integrity": "sha512-Rq2BsYmtwS5vVttie4rqrOCIfHCS9TgpRLFpKQCM1wZBBRY9nWVGmEvm2FnDbSE2un1UE39DvFpTR5UL47YDcA==",
            "license": "MIT",
            "peerDependencies": {
                "fp-ts": "^2.5.0"
            }
        },
        "node_modules/is-extglob": {
            "version": "2.1.1",
            "resolved": "https://npm.yandex-team.ru/is-extglob/-/is-extglob-2.1.1.tgz?rbtorrent=5ab9e5368b72fd05beaa06c31596612310801866",
            "integrity": "sha1-qIwCU1eR8C7TfHahueqXc8gz+MI=",
            "license": "MIT",
            "engines": {
                "node": ">=0.10.0"
            }
        },
        "node_modules/is-fullwidth-code-point": {
            "version": "3.0.0",
            "resolved": "https://npm.yandex-team.ru/is-fullwidth-code-point/-/is-fullwidth-code-point-3.0.0.tgz?rbtorrent=9f8a9fc1a318c9b9a907ba74176b8d156ee129cf",
            "integrity": "sha512-zymm5+u+sCsSWyD9qNaejV3DFvhCKclKdizYaJUuHA83RLjb7nSuGnddCHGv0hk+KY7BMAlsWeK4Ueg6EV6XQg==",
            "license": "MIT",
            "engines": {
                "node": ">=8"
            }
        },
        "node_modules/is-glob": {
            "version": "4.0.3",
            "resolved": "https://npm.yandex-team.ru/is-glob/-/is-glob-4.0.3.tgz?rbtorrent=e4c7a5eee5045dcce66cdffe26446465251888a3",
            "integrity": "sha512-xelSayHH36ZgE7ZWhli7pW34hNbNl8Ojv5KVmkJD4hBdD3th8Tfk9vYasLM+mXWOZhFkgZfxhLSnrwRr4elSSg==",
            "license": "MIT",
            "dependencies": {
                "is-extglob": "^2.1.1"
            },
            "engines": {
                "node": ">=0.10.0"
            }
        },
        "node_modules/is-number": {
            "version": "7.0.0",
            "resolved": "https://npm.yandex-team.ru/is-number/-/is-number-7.0.0.tgz?rbtorrent=a36365cac002ce7b5ebe1740bef8809e8e2d89b3",
            "integrity": "sha512-41Cifkg6e8TylSpdtTpeLVMqvSBEVzTttHvERD741+pnZ8ANv0004MRL43QKPDlK9cGvNp6NZWZUBlbGXYxxng==",
            "license": "MIT",
            "engines": {
                "node": ">=0.12.0"
            }
        },
        "node_modules/jsonfile": {
            "version": "6.1.0",
            "resolved": "https://npm.yandex-team.ru/jsonfile/-/jsonfile-6.1.0.tgz?rbtorrent=422cd8804434cf4e1484ab1a91fb04e6f95c7940",
            "integrity": "sha512-5dgndWOriYSm5cnYaJNhalLNDKOqFwyDB/rr1E9ZsGciGvKPs8R2xYGCacuf3z6K1YKDz182fd+fY3cn3pMqXQ==",
            "license": "MIT",
            "dependencies": {
                "universalify": "^2.0.0"
            },
            "optionalDependencies": {
                "graceful-fs": "^4.1.6"
            }
        },
        "node_modules/make-error": {
            "version": "1.3.6",
            "resolved": "https://npm.yandex-team.ru/make-error/-/make-error-1.3.6.tgz?rbtorrent=83178cd0700b9c5ba3a5aa1410d79f46116ee113",
            "integrity": "sha512-s8UhlNe7vPKomQhC1qFelMokr/Sc3AgNbso3n74mVPA5LTZwkB9NlXf4XPamLxJE8h0gh73rM94xvwRT2CVInw==",
            "dev": true,
            "license": "ISC"
        },
        "node_modules/merge2": {
            "version": "1.4.1",
            "resolved": "https://npm.yandex-team.ru/merge2/-/merge2-1.4.1.tgz?rbtorrent=9dc8b87ea416d096f0023fe2267df1db0a526e53",
            "integrity": "sha512-8q7VEgMJW4J8tcfVPy8g09NcQwZdbwFEqhe/WZkoIzjn/3TGDwtOCYtXGxA3O8tPzpczCCDgv+P2P5y00ZJOOg==",
            "license": "MIT",
            "engines": {
                "node": ">= 8"
            }
        },
        "node_modules/micromatch": {
            "version": "4.0.5",
            "resolved": "https://npm.yandex-team.ru/micromatch/-/micromatch-4.0.5.tgz?rbtorrent=32a8d0f2268f08b57e063e026d6f322f8391a187",
            "integrity": "sha512-DMy+ERcEW2q8Z2Po+WNXuw3c5YaUSFjAO5GsJqfEl7UjvtIuFKO6ZrKvcItdy98dwFI2N1tg3zNIdKaQT+aNdA==",
            "license": "MIT",
            "dependencies": {
                "braces": "^3.0.2",
                "picomatch": "^2.3.1"
            },
            "engines": {
                "node": ">=8.6"
            }
        },
        "node_modules/mime-db": {
            "version": "1.52.0",
            "resolved": "https://npm.yandex-team.ru/mime-db/-/mime-db-1.52.0.tgz?rbtorrent=f0ba116ae2c9608848de6e13c43654e0d7f6480e",
            "integrity": "sha512-sPU4uV7dYlvtWJxwwxHD0PuihVNiE7TyAbQ5SWxDCB9mUYvOgroQOwYQQOKPJ8CIbE+1ETVlOoK1UC2nU3gYvg==",
            "license": "MIT",
            "engines": {
                "node": ">= 0.6"
            }
        },
        "node_modules/mime-types": {
            "version": "2.1.35",
            "resolved": "https://npm.yandex-team.ru/mime-types/-/mime-types-2.1.35.tgz?rbtorrent=ebb7fcd8ade244558e3f7816c257f2cc22da38ab",
            "integrity": "sha512-ZDY+bPm5zTTF+YpCrAU9nK0UgICYPT0QtT1NZWFv4s++TNkcgVaT0g6+4R2uI4MjQjzysHB1zxuWL50hzaeXiw==",
            "license": "MIT",
            "dependencies": {
                "mime-db": "1.52.0"
            },
            "engines": {
                "node": ">= 0.6"
            }
        },
        "node_modules/ms": {
            "version": "2.1.2",
            "resolved": "https://npm.yandex-team.ru/ms/-/ms-2.1.2.tgz?rbtorrent=269d2b1e4b633a2572e485adbd93b4085872ffe0",
            "integrity": "sha512-sGkPx+VjMtmA6MX27oA4FBFELFCZZ4S4XqeGOXCv68tT+jb3vk/RyaKWP0PTKyWtmLSM0b+adUTEvbs1PEaH2w==",
            "license": "MIT"
        },
        "node_modules/picomatch": {
            "version": "2.3.1",
            "resolved": "https://npm.yandex-team.ru/picomatch/-/picomatch-2.3.1.tgz?rbtorrent=d64d76aa10430f60181256e008cc2a586e86ed0c",
            "integrity": "sha512-JU3teHTNjmE2VCGFzuY8EXzCDVwEqB2a8fsIvwaStHhAWJEeVd1o1QD80CU6+ZdEXXSLbSsuLwJjkCBWqRQUVA==",
            "license": "MIT",
            "engines": {
                "node": ">=8.6"
            },
            "funding": {
                "url": "https://github.com/sponsors/jonschlinkert"
            }
        },
        "node_modules/queue-microtask": {
            "version": "1.2.3",
            "resolved": "https://npm.yandex-team.ru/queue-microtask/-/queue-microtask-1.2.3.tgz?rbtorrent=e2336660d43082c0619119f2673f6d38ab6c69db",
            "integrity": "sha512-NuaNSa6flKT5JaSYQzJok04JzTL1CA6aGhv5rfLW3PgqA+M2ChpZQnAC8h8i4ZFkBS8X5RqkDBHA7r4hej3K9A==",
            "funding": [
                {
                    "type": "github",
                    "url": "https://github.com/sponsors/feross"
                },
                {
                    "type": "patreon",
                    "url": "https://www.patreon.com/feross"
                },
                {
                    "type": "consulting",
                    "url": "https://feross.org/support"
                }
            ],
            "license": "MIT"
        },
        "node_modules/require-directory": {
            "version": "2.1.1",
            "resolved": "https://npm.yandex-team.ru/require-directory/-/require-directory-2.1.1.tgz?rbtorrent=6f3a1c36c5c614529836495759b539128977fc9d",
            "integrity": "sha1-jGStX9MNqxyXbiNE/+f3kqam30I=",
            "license": "MIT",
            "engines": {
                "node": ">=0.10.0"
            }
        },
        "node_modules/reusify": {
            "version": "1.0.4",
            "resolved": "https://npm.yandex-team.ru/reusify/-/reusify-1.0.4.tgz?rbtorrent=b54638c7c9e1bc2aa81616beeb1ec10051fadbd0",
            "integrity": "sha512-U9nH88a3fc/ekCF1l0/UP1IosiuIjyTh7hBvXVMHYgVcfGvt897Xguj2UOLDeI5BG2m7/uwyaLVT6fbtCwTyzw==",
            "license": "MIT",
            "engines": {
                "iojs": ">=1.0.0",
                "node": ">=0.10.0"
            }
        },
        "node_modules/run-parallel": {
            "version": "1.2.0",
            "resolved": "https://npm.yandex-team.ru/run-parallel/-/run-parallel-1.2.0.tgz?rbtorrent=18038ed05e6416ebf3cd579ce1474ae24770286f",
            "integrity": "sha512-5l4VyZR86LZ/lDxZTR6jqL8AFE2S0IFLMP26AbjsLVADxHdhB/c0GUsH+y39UfCi3dzz8OlQuPmnaJOMoDHQBA==",
            "funding": [
                {
                    "type": "github",
                    "url": "https://github.com/sponsors/feross"
                },
                {
                    "type": "patreon",
                    "url": "https://www.patreon.com/feross"
                },
                {
                    "type": "consulting",
                    "url": "https://feross.org/support"
                }
            ],
            "license": "MIT",
            "dependencies": {
                "queue-microtask": "^1.2.2"
            }
        },
        "node_modules/string-width": {
            "version": "4.2.3",
            "resolved": "https://npm.yandex-team.ru/string-width/-/string-width-4.2.3.tgz?rbtorrent=f8412787e89a7bf0fb94ec78f0b1f13d94822a61",
            "integrity": "sha512-wKyQRQpjJ0sIp62ErSZdGsjMJWsap5oRNihHhu6G7JVO/9jIB6UyevL+tXuOqrng8j/cxKTWyWUwvSTriiZz/g==",
            "license": "MIT",
            "dependencies": {
                "emoji-regex": "^8.0.0",
                "is-fullwidth-code-point": "^3.0.0",
                "strip-ansi": "^6.0.1"
            },
            "engines": {
                "node": ">=8"
            }
        },
        "node_modules/strip-ansi": {
            "version": "6.0.1",
            "resolved": "https://npm.yandex-team.ru/strip-ansi/-/strip-ansi-6.0.1.tgz?rbtorrent=e155382c29545da38fa473395e43b5f24dc0c529",
            "integrity": "sha512-Y38VPSHcqkFrCpFnQ9vuSXmquuv5oXOKpGeT6aGrr3o3Gc9AlVa6JBfUSOCnbxGGZF+/0ooI7KrPuUSztUdU5A==",
            "license": "MIT",
            "dependencies": {
                "ansi-regex": "^5.0.1"
            },
            "engines": {
                "node": ">=8"
            }
        },
        "node_modules/to-regex-range": {
            "version": "5.0.1",
            "resolved": "https://npm.yandex-team.ru/to-regex-range/-/to-regex-range-5.0.1.tgz?rbtorrent=9c494e247bd2815d7991a87d6c0fa999f42b3641",
            "integrity": "sha512-65P7iz6X5yEr1cwcgvQxbbIw7Uk3gOy5dIdtZ4rDveLqhrdJP+Li/Hx6tyK0NEb+2GCyneCMJiGqrADCSNk8sQ==",
            "license": "MIT",
            "dependencies": {
                "is-number": "^7.0.0"
            },
            "engines": {
                "node": ">=8.0"
            }
        },
        "node_modules/ts-node": {
            "version": "10.9.1",
            "resolved": "https://npm.yandex-team.ru/ts-node/-/ts-node-10.9.1.tgz?rbtorrent=9573712ede35bc6f2330c4e27d77442a0f30ba3f",
            "integrity": "sha512-NtVysVPkxxrwFGUUxGYhfux8k78pQB3JqYBXlLRZgdGUqTO5wU/UyHop5p70iEbGhB7q5KmiZiU0Y3KlJrScEw==",
            "dev": true,
            "license": "MIT",
            "dependencies": {
                "@cspotcode/source-map-support": "^0.8.0",
                "@tsconfig/node10": "^1.0.7",
                "@tsconfig/node12": "^1.0.7",
                "@tsconfig/node14": "^1.0.0",
                "@tsconfig/node16": "^1.0.2",
                "acorn": "^8.4.1",
                "acorn-walk": "^8.1.1",
                "arg": "^4.1.0",
                "create-require": "^1.1.0",
                "diff": "^4.0.1",
                "make-error": "^1.1.1",
                "v8-compile-cache-lib": "^3.0.1",
                "yn": "3.1.1"
            },
            "bin": {
                "ts-node": "dist/bin.js",
                "ts-node-cwd": "dist/bin-cwd.js",
                "ts-node-esm": "dist/bin-esm.js",
                "ts-node-script": "dist/bin-script.js",
                "ts-node-transpile-only": "dist/bin-transpile.js",
                "ts-script": "dist/bin-script-deprecated.js"
            },
            "peerDependencies": {
                "@swc/core": ">=1.2.50",
                "@swc/wasm": ">=1.2.50",
                "@types/node": "*",
                "typescript": ">=2.7"
            },
            "peerDependenciesMeta": {
                "@swc/core": {
                    "optional": true
                },
                "@swc/wasm": {
                    "optional": true
                }
            }
        },
        "node_modules/tslib": {
            "version": "2.6.0",
            "resolved": "https://npm.yandex-team.ru/tslib/-/tslib-2.6.0.tgz?rbtorrent=f024e16fe8c7a57b995819f456473f5b379bbb9d",
            "integrity": "sha512-7At1WUettjcSRHXCyYtTselblcHl9PJFFVKiCAy/bY97+BPZXSQ2wbq0P9s8tK2G7dFQfNnlJnPAiArVBVBsfA==",
            "license": "0BSD"
        },
        "node_modules/typescript": {
            "version": "5.1.6",
            "resolved": "https://npm.yandex-team.ru/typescript/-/typescript-5.1.6.tgz?rbtorrent=2f65253a6ccb6375ea93b76cafeb5d8f31e990b8",
            "integrity": "sha512-zaWCozRZ6DLEWAWFrVDz1H6FVXzUSfTy5FUMWsQlU8Ym5JP9eO4xkTIROFCQvhQf61z6O/G6ugw3SgAnvvm+HA==",
            "dev": true,
            "license": "Apache-2.0",
            "bin": {
                "tsc": "bin/tsc",
                "tsserver": "bin/tsserver"
            },
            "engines": {
                "node": ">=14.17"
            }
        },
        "node_modules/universalify": {
            "version": "2.0.0",
            "resolved": "https://npm.yandex-team.ru/universalify/-/universalify-2.0.0.tgz?rbtorrent=cd46c97651a135fea7052ab887ca7b23c8119692",
            "integrity": "sha512-hAZsKq7Yy11Zu1DE0OzWjw7nnLZmJZYTDZZyEFHZdUhV8FkH5MCfoU1XMaxXovpyW5nq5scPqq0ZDP9Zyl04oQ==",
            "license": "MIT",
            "engines": {
                "node": ">= 10.0.0"
            }
        },
        "node_modules/v8-compile-cache-lib": {
            "version": "3.0.1",
            "resolved": "https://npm.yandex-team.ru/v8-compile-cache-lib/-/v8-compile-cache-lib-3.0.1.tgz?rbtorrent=c110f6332c5463e2f6842022b45e9783b55d8fdb",
            "integrity": "sha512-wa7YjyUGfNZngI/vtK0UHAN+lgDCxBPCylVXGp0zu59Fz5aiGtNXaq3DhIov063MorB+VfufLh3JlF2KdTK3xg==",
            "dev": true,
            "license": "MIT"
        },
        "node_modules/wrap-ansi": {
            "version": "7.0.0",
            "resolved": "https://npm.yandex-team.ru/wrap-ansi/-/wrap-ansi-7.0.0.tgz?rbtorrent=312c52ab2db72fb9dc9b57f62d1ee32019be6356",
            "integrity": "sha512-YVGIj2kamLSTxw6NsZjoBxfSwsn0ycdesmc4p+Q21c5zPuZ1pl+NfxVdxPtdHvmNVOQ6XSYG4AUtyt/Fi7D16Q==",
            "license": "MIT",
            "dependencies": {
                "ansi-styles": "^4.0.0",
                "string-width": "^4.1.0",
                "strip-ansi": "^6.0.0"
            },
            "engines": {
                "node": ">=10"
            },
            "funding": {
                "url": "https://github.com/chalk/wrap-ansi?sponsor=1"
            }
        },
        "node_modules/y18n": {
            "version": "5.0.8",
            "resolved": "https://npm.yandex-team.ru/y18n/-/y18n-5.0.8.tgz?rbtorrent=855b16086a3d43ecea19041a0364afa26b8d5b42",
            "integrity": "sha512-0pfFzegeDWJHJIAmTLRP2DwHjdF5s7jo9tuztdQxAhINCdvS+3nGINqPd00AphqJR/0LhANUS6/+7SCb98YOfA==",
            "license": "ISC",
            "engines": {
                "node": ">=10"
            }
        },
        "node_modules/yaml": {
            "version": "2.3.1",
            "resolved": "https://npm.yandex-team.ru/yaml/-/yaml-2.3.1.tgz?rbtorrent=4c256d1f3159873e9fcf9303745f69db19e65d84",
            "integrity": "sha512-2eHWfjaoXgTBC2jNM1LRef62VQa0umtvRiDSk6HSzW7RvS5YtkabJrwYLLEKWBc8a5U2PTSCs+dJjUTJdlHsWQ==",
            "license": "ISC",
            "engines": {
                "node": ">= 14"
            }
        },
        "node_modules/yargs": {
            "version": "17.7.2",
            "resolved": "https://npm.yandex-team.ru/yargs/-/yargs-17.7.2.tgz?rbtorrent=d2dd948d7a7001182a317272e37e70f12dd457ca",
            "integrity": "sha512-7dSzzRQ++CKnNI/krKnYRV7JKKPUXMEh61soaHKg9mrWEhzFWhFnxPxGl+69cD1Ou63C13NUPCnmIcrvqCuM6w==",
            "license": "MIT",
            "dependencies": {
                "cliui": "^8.0.1",
                "escalade": "^3.1.1",
                "get-caller-file": "^2.0.5",
                "require-directory": "^2.1.1",
                "string-width": "^4.2.3",
                "y18n": "^5.0.5",
                "yargs-parser": "^21.1.1"
            },
            "engines": {
                "node": ">=12"
            }
        },
        "node_modules/yargs-parser": {
            "version": "21.1.1",
            "resolved": "https://npm.yandex-team.ru/yargs-parser/-/yargs-parser-21.1.1.tgz?rbtorrent=c2796cf6cfd8c257eaf7415f6413bd3da3b5f3cc",
            "integrity": "sha512-tVpsJW7DdjecAiFpbIB1e3qxIQsE6NoPc5/eTdrbbIC4h0LVsWhnoa3g+m2HclBIujHzsxZ4VJVA+GUuc2/LBw==",
            "license": "ISC",
            "engines": {
                "node": ">=12"
            }
        },
        "node_modules/yn": {
            "version": "3.1.1",
            "resolved": "https://npm.yandex-team.ru/yn/-/yn-3.1.1.tgz?rbtorrent=6335882d5f8b63bc3b6f0de0b15773b8fe8f2061",
            "integrity": "sha512-Ux4ygGWsu2c7isFWe8Yu1YluJmqVhxqK2cLXNQA5AcC3QfbGNpM7fu0Y8b/z16pXLnFxZYvWhd3fhBY9DLmC6Q==",
            "dev": true,
            "license": "MIT",
            "engines": {
                "node": ">=6"
            }
        }
    }
}
