{
    "name": "@spec-box/sync",
    "version": "0.0.2-beta.7",
    "lockfileVersion": 3,
    "requires": true,
    "packages": {
        "": {
            "name": "@spec-box/sync",
            "version": "0.0.2-beta.7",
            "license": "MIT",
            "dependencies": {
                "@azure/core-client": "^1.7.3",
                "@azure/core-rest-pipeline": "^1.11.0",
                "fast-glob": "^3.3.0",
                "fp-ts": "^2.16.0",
                "fs-extra": "^11.1.1",
                "io-ts": "^2.2.20",
                "tslib": "^2.6.0",
                "yaml": "^2.3.1",
                "yargs": "^17.7.2"
            },
            "bin": {
                "spec-box": "bin/spec-box"
            },
            "devDependencies": {
                "@types/fs-extra": "^11.0.1",
                "@types/node": "^20.4.2",
                "@types/yargs": "^17.0.24",
                "autorest": "^3.6.3",
                "ts-node": "^10.9.1",
                "typescript": "^5.1.6"
            }
        },
        "node_modules/@azure/abort-controller": {
            "version": "1.1.0",
            "resolved": "https://registry.npmjs.org/@azure/abort-controller/-/abort-controller-1.1.0.tgz",
            "integrity": "sha512-TrRLIoSQVzfAJX9H1JeFjzAoDGcoK1IYX1UImfceTZpsyYfWr09Ss1aHW1y5TrrR3iq6RZLBwJ3E24uwPhwahw==",
            "dependencies": {
                "tslib": "^2.2.0"
            },
            "engines": {
                "node": ">=12.0.0"
            }
        },
        "node_modules/@azure/core-auth": {
            "version": "1.5.0",
            "resolved": "https://registry.npmjs.org/@azure/core-auth/-/core-auth-1.5.0.tgz",
            "integrity": "sha512-udzoBuYG1VBoHVohDTrvKjyzel34zt77Bhp7dQntVGGD0ehVq48owENbBG8fIgkHRNUBQH5k1r0hpoMu5L8+kw==",
            "dependencies": {
                "@azure/abort-controller": "^1.0.0",
                "@azure/core-util": "^1.1.0",
                "tslib": "^2.2.0"
            },
            "engines": {
                "node": ">=14.0.0"
            }
        },
        "node_modules/@azure/core-client": {
            "version": "1.7.3",
            "resolved": "https://registry.npmjs.org/@azure/core-client/-/core-client-1.7.3.tgz",
            "integrity": "sha512-kleJ1iUTxcO32Y06dH9Pfi9K4U+Tlb111WXEnbt7R/ne+NLRwppZiTGJuTD5VVoxTMK5NTbEtm5t2vcdNCFe2g==",
            "dependencies": {
                "@azure/abort-controller": "^1.0.0",
                "@azure/core-auth": "^1.4.0",
                "@azure/core-rest-pipeline": "^1.9.1",
                "@azure/core-tracing": "^1.0.0",
                "@azure/core-util": "^1.0.0",
                "@azure/logger": "^1.0.0",
                "tslib": "^2.2.0"
            },
            "engines": {
                "node": ">=14.0.0"
            }
        },
        "node_modules/@azure/core-rest-pipeline": {
            "version": "1.12.1",
            "resolved": "https://registry.npmjs.org/@azure/core-rest-pipeline/-/core-rest-pipeline-1.12.1.tgz",
            "integrity": "sha512-SsyWQ+T5MFQRX+M8H/66AlaI6HyCbQStGfFngx2fuiW+vKI2DkhtOvbYodPyf9fOe/ARLWWc3ohX54lQ5Kmaog==",
            "dependencies": {
                "@azure/abort-controller": "^1.0.0",
                "@azure/core-auth": "^1.4.0",
                "@azure/core-tracing": "^1.0.1",
                "@azure/core-util": "^1.3.0",
                "@azure/logger": "^1.0.0",
                "form-data": "^4.0.0",
                "http-proxy-agent": "^5.0.0",
                "https-proxy-agent": "^5.0.0",
                "tslib": "^2.2.0"
            },
            "engines": {
                "node": ">=14.0.0"
            }
        },
        "node_modules/@azure/core-tracing": {
            "version": "1.0.1",
            "resolved": "https://registry.npmjs.org/@azure/core-tracing/-/core-tracing-1.0.1.tgz",
            "integrity": "sha512-I5CGMoLtX+pI17ZdiFJZgxMJApsK6jjfm85hpgp3oazCdq5Wxgh4wMr7ge/TTWW1B5WBuvIOI1fMU/FrOAMKrw==",
            "dependencies": {
                "tslib": "^2.2.0"
            },
            "engines": {
                "node": ">=12.0.0"
            }
        },
        "node_modules/@azure/core-util": {
            "version": "1.5.0",
            "resolved": "https://registry.npmjs.org/@azure/core-util/-/core-util-1.5.0.tgz",
            "integrity": "sha512-GZBpVFDtQ/15hW1OgBcRdT4Bl7AEpcEZqLfbAvOtm1CQUncKWiYapFHVD588hmlV27NbOOtSm3cnLF3lvoHi4g==",
            "dependencies": {
                "@azure/abort-controller": "^1.0.0",
                "tslib": "^2.2.0"
            },
            "engines": {
                "node": ">=14.0.0"
            }
        },
        "node_modules/@azure/logger": {
            "version": "1.0.4",
            "resolved": "https://registry.npmjs.org/@azure/logger/-/logger-1.0.4.tgz",
            "integrity": "sha512-ustrPY8MryhloQj7OWGe+HrYx+aoiOxzbXTtgblbV3xwCqpzUK36phH3XNHQKj3EPonyFUuDTfR3qFhTEAuZEg==",
            "dependencies": {
                "tslib": "^2.2.0"
            },
            "engines": {
                "node": ">=14.0.0"
            }
        },
        "node_modules/@cspotcode/source-map-support": {
            "version": "0.8.1",
            "dev": true,
            "license": "MIT",
            "dependencies": {
                "@jridgewell/trace-mapping": "0.3.9"
            },
            "engines": {
                "node": ">=12"
            }
        },
        "node_modules/@jridgewell/resolve-uri": {
            "version": "3.1.1",
            "dev": true,
            "license": "MIT",
            "engines": {
                "node": ">=6.0.0"
            }
        },
        "node_modules/@jridgewell/sourcemap-codec": {
            "version": "1.4.15",
            "dev": true,
            "license": "MIT"
        },
        "node_modules/@jridgewell/trace-mapping": {
            "version": "0.3.9",
            "dev": true,
            "license": "MIT",
            "dependencies": {
                "@jridgewell/resolve-uri": "^3.0.3",
                "@jridgewell/sourcemap-codec": "^1.4.10"
            }
        },
        "node_modules/@nodelib/fs.scandir": {
            "version": "2.1.5",
            "license": "MIT",
            "dependencies": {
                "@nodelib/fs.stat": "2.0.5",
                "run-parallel": "^1.1.9"
            },
            "engines": {
                "node": ">= 8"
            }
        },
        "node_modules/@nodelib/fs.stat": {
            "version": "2.0.5",
            "license": "MIT",
            "engines": {
                "node": ">= 8"
            }
        },
        "node_modules/@nodelib/fs.walk": {
            "version": "1.2.8",
            "license": "MIT",
            "dependencies": {
                "@nodelib/fs.scandir": "2.1.5",
                "fastq": "^1.6.0"
            },
            "engines": {
                "node": ">= 8"
            }
        },
        "node_modules/@tootallnate/once": {
            "version": "2.0.0",
            "license": "MIT",
            "engines": {
                "node": ">= 10"
            }
        },
        "node_modules/@tsconfig/node10": {
            "version": "1.0.9",
            "dev": true,
            "license": "MIT"
        },
        "node_modules/@tsconfig/node12": {
            "version": "1.0.11",
            "dev": true,
            "license": "MIT"
        },
        "node_modules/@tsconfig/node14": {
            "version": "1.0.3",
            "dev": true,
            "license": "MIT"
        },
        "node_modules/@tsconfig/node16": {
            "version": "1.0.4",
            "dev": true,
            "license": "MIT"
        },
        "node_modules/@types/fs-extra": {
            "version": "11.0.2",
            "resolved": "https://registry.npmjs.org/@types/fs-extra/-/fs-extra-11.0.2.tgz",
            "integrity": "sha512-c0hrgAOVYr21EX8J0jBMXGLMgJqVf/v6yxi0dLaJboW9aQPh16Id+z6w2Tx1hm+piJOLv8xPfVKZCLfjPw/IMQ==",
            "dev": true,
            "dependencies": {
                "@types/jsonfile": "*",
                "@types/node": "*"
            }
        },
        "node_modules/@types/jsonfile": {
            "dev": true
        },
        "node_modules/@types/node": {
            "version": "20.4.2",
            "dev": true,
            "license": "MIT"
        },
        "node_modules/@types/yargs": {
            "version": "17.0.24",
            "dev": true,
            "license": "MIT",
            "dependencies": {
                "@types/yargs-parser": "*"
            }
        },
        "node_modules/@types/yargs-parser": {
            "version": "21.0.0",
            "dev": true,
            "license": "MIT"
        },
        "node_modules/acorn": {
            "version": "8.10.0",
            "dev": true,
            "license": "MIT",
            "bin": {
                "acorn": "bin/acorn"
            },
            "engines": {
                "node": ">=0.4.0"
            }
        },
        "node_modules/acorn-walk": {
            "version": "8.2.0",
            "dev": true,
            "license": "MIT",
            "engines": {
                "node": ">=0.4.0"
            }
        },
        "node_modules/agent-base": {
            "version": "6.0.2",
            "license": "MIT",
            "dependencies": {
                "debug": "4"
            },
            "engines": {
                "node": ">= 6.0.0"
            }
        },
        "node_modules/ansi-regex": {
            "version": "5.0.1",
            "license": "MIT",
            "engines": {
                "node": ">=8"
            }
        },
        "node_modules/ansi-styles": {
            "version": "4.3.0",
            "license": "MIT",
            "dependencies": {
                "color-convert": "^2.0.1"
            },
            "engines": {
                "node": ">=8"
            },
            "funding": {
                "url": "https://github.com/chalk/ansi-styles?sponsor=1"
            }
        },
        "node_modules/arg": {
            "version": "4.1.3",
            "dev": true,
            "license": "MIT"
        },
        "node_modules/asynckit": {},
        "node_modules/autorest": {
            "version": "3.6.3",
            "resolved": "https://registry.npmjs.org/autorest/-/autorest-3.6.3.tgz",
            "integrity": "sha512-j/Axwk9bniifTNtBLYVxfQZGQIGPKljFaCQCBWOiybVar2j3tkHP1btiC4a/t9pAJXY6IaFgWctoPM3G/Puhyg==",
            "dev": true,
            "hasInstallScript": true,
            "bin": {
                "autorest": "entrypoints/app.js"
            },
            "engines": {
                "node": ">=12.0.0"
            }
        },
        "node_modules/braces": {
            "version": "3.0.2",
            "license": "MIT",
            "dependencies": {
                "fill-range": "^7.0.1"
            },
            "engines": {
                "node": ">=8"
            }
        },
        "node_modules/cliui": {
            "version": "8.0.1",
            "license": "ISC",
            "dependencies": {
                "string-width": "^4.2.0",
                "strip-ansi": "^6.0.1",
                "wrap-ansi": "^7.0.0"
            },
            "engines": {
                "node": ">=12"
            }
        },
        "node_modules/color-convert": {
            "version": "2.0.1",
            "license": "MIT",
            "dependencies": {
                "color-name": "~1.1.4"
            },
            "engines": {
                "node": ">=7.0.0"
            }
        },
        "node_modules/color-name": {
            "version": "1.1.4",
            "license": "MIT"
        },
        "node_modules/combined-stream": {
            "version": "1.0.8",
            "license": "MIT",
            "dependencies": {
                "delayed-stream": "~1.0.0"
            },
            "engines": {
                "node": ">= 0.8"
            }
        },
        "node_modules/create-require": {
            "version": "1.1.1",
            "dev": true,
            "license": "MIT"
        },
        "node_modules/debug": {
            "version": "4.3.4",
            "license": "MIT",
            "dependencies": {
                "ms": "2.1.2"
            },
            "engines": {
                "node": ">=6.0"
            },
            "peerDependenciesMeta": {
                "supports-color": {
                    "optional": true
                }
            }
        },
        "node_modules/delayed-stream": {},
        "node_modules/diff": {
            "version": "4.0.2",
            "dev": true,
            "license": "BSD-3-Clause",
            "engines": {
                "node": ">=0.3.1"
            }
        },
        "node_modules/emoji-regex": {
            "version": "8.0.0",
            "license": "MIT"
        },
        "node_modules/escalade": {
            "version": "3.1.1",
            "license": "MIT",
            "engines": {
                "node": ">=6"
            }
        },
        "node_modules/fast-glob": {
            "version": "3.3.0",
            "license": "MIT",
            "dependencies": {
                "@nodelib/fs.stat": "^2.0.2",
                "@nodelib/fs.walk": "^1.2.3",
                "glob-parent": "^5.1.2",
                "merge2": "^1.3.0",
                "micromatch": "^4.0.4"
            },
            "engines": {
                "node": ">=8.6.0"
            }
        },
        "node_modules/fastq": {
            "version": "1.15.0",
            "license": "ISC",
            "dependencies": {
                "reusify": "^1.0.4"
            }
        },
        "node_modules/fill-range": {
            "version": "7.0.1",
            "license": "MIT",
            "dependencies": {
                "to-regex-range": "^5.0.1"
            },
            "engines": {
                "node": ">=8"
            }
        },
        "node_modules/form-data": {
            "version": "4.0.0",
            "license": "MIT",
            "dependencies": {
                "asynckit": "^0.4.0",
                "combined-stream": "^1.0.8",
                "mime-types": "^2.1.12"
            },
            "engines": {
                "node": ">= 6"
            }
        },
        "node_modules/fp-ts": {
            "version": "2.16.1",
            "resolved": "https://registry.npmjs.org/fp-ts/-/fp-ts-2.16.1.tgz",
            "integrity": "sha512-by7U5W8dkIzcvDofUcO42yl9JbnHTEDBrzu3pt5fKT+Z4Oy85I21K80EYJYdjQGC2qum4Vo55Ag57iiIK4FYuA=="
        },
        "node_modules/fs-extra": {
            "version": "11.1.1",
            "license": "MIT",
            "dependencies": {
                "graceful-fs": "^4.2.0",
                "jsonfile": "^6.0.1",
                "universalify": "^2.0.0"
            },
            "engines": {
                "node": ">=14.14"
            }
        },
        "node_modules/get-caller-file": {
            "version": "2.0.5",
            "license": "ISC",
            "engines": {
                "node": "6.* || 8.* || >= 10.*"
            }
        },
        "node_modules/glob-parent": {
            "version": "5.1.2",
            "license": "ISC",
            "dependencies": {
                "is-glob": "^4.0.1"
            },
            "engines": {
                "node": ">= 6"
            }
        },
        "node_modules/graceful-fs": {
            "version": "4.2.11",
            "license": "ISC"
        },
        "node_modules/http-proxy-agent": {
            "version": "5.0.0",
            "license": "MIT",
            "dependencies": {
                "@tootallnate/once": "2",
                "agent-base": "6",
                "debug": "4"
            },
            "engines": {
                "node": ">= 6"
            }
        },
        "node_modules/https-proxy-agent": {
            "version": "5.0.1",
            "license": "MIT",
            "dependencies": {
                "agent-base": "6",
                "debug": "4"
            },
            "engines": {
                "node": ">= 6"
            }
        },
        "node_modules/io-ts": {
            "version": "2.2.20",
            "resolved": "https://registry.npmjs.org/io-ts/-/io-ts-2.2.20.tgz",
            "integrity": "sha512-Rq2BsYmtwS5vVttie4rqrOCIfHCS9TgpRLFpKQCM1wZBBRY9nWVGmEvm2FnDbSE2un1UE39DvFpTR5UL47YDcA==",
            "peerDependencies": {
                "fp-ts": "^2.5.0"
            }
        },
        "node_modules/is-fullwidth-code-point": {
            "version": "3.0.0",
            "license": "MIT",
            "engines": {
                "node": ">=8"
            }
        },
        "node_modules/is-glob": {
            "version": "4.0.3",
            "license": "MIT",
            "dependencies": {
                "is-extglob": "^2.1.1"
            },
            "engines": {
                "node": ">=0.10.0"
            }
        },
        "node_modules/is-glob/node_modules/is-extglob": {
            "version": "2.1.1",
            "resolved": "https://registry.npmjs.org/is-extglob/-/is-extglob-2.1.1.tgz",
            "integrity": "sha512-SbKbANkN603Vi4jEZv49LeVJMn4yGwsbzZworEoyEiutsN3nJYdbO36zfhGJ6QEDpOZIFkDtnq5JRxmvl3jsoQ==",
            "engines": {
                "node": ">=0.10.0"
            }
        },
        "node_modules/is-number": {
            "version": "7.0.0",
            "license": "MIT",
            "engines": {
                "node": ">=0.12.0"
            }
        },
        "node_modules/jsonfile": {
            "version": "6.1.0",
            "license": "MIT",
            "dependencies": {
                "universalify": "^2.0.0"
            },
            "optionalDependencies": {
                "graceful-fs": "^4.1.6"
            }
        },
        "node_modules/make-error": {
            "version": "1.3.6",
            "dev": true,
            "license": "ISC"
        },
        "node_modules/merge2": {
            "version": "1.4.1",
            "license": "MIT",
            "engines": {
                "node": ">= 8"
            }
        },
        "node_modules/micromatch": {
            "version": "4.0.5",
            "license": "MIT",
            "dependencies": {
                "braces": "^3.0.2",
                "picomatch": "^2.3.1"
            },
            "engines": {
                "node": ">=8.6"
            }
        },
        "node_modules/mime-db": {
            "version": "1.52.0",
            "license": "MIT",
            "engines": {
                "node": ">= 0.6"
            }
        },
        "node_modules/mime-types": {
            "version": "2.1.35",
            "license": "MIT",
            "dependencies": {
                "mime-db": "1.52.0"
            },
            "engines": {
                "node": ">= 0.6"
            }
        },
        "node_modules/ms": {
            "version": "2.1.2",
            "license": "MIT"
        },
        "node_modules/picomatch": {
            "version": "2.3.1",
            "license": "MIT",
            "engines": {
                "node": ">=8.6"
            },
            "funding": {
                "url": "https://github.com/sponsors/jonschlinkert"
            }
        },
        "node_modules/queue-microtask": {
            "version": "1.2.3",
            "funding": [
                {
                    "type": "github",
                    "url": "https://github.com/sponsors/feross"
                },
                {
                    "type": "patreon",
                    "url": "https://www.patreon.com/feross"
                },
                {
                    "type": "consulting",
                    "url": "https://feross.org/support"
                }
            ],
            "license": "MIT"
        },
        "node_modules/reusify": {
            "version": "1.0.4",
            "license": "MIT",
            "engines": {
                "iojs": ">=1.0.0",
                "node": ">=0.10.0"
            }
        },
        "node_modules/run-parallel": {
            "version": "1.2.0",
            "funding": [
                {
                    "type": "github",
                    "url": "https://github.com/sponsors/feross"
                },
                {
                    "type": "patreon",
                    "url": "https://www.patreon.com/feross"
                },
                {
                    "type": "consulting",
                    "url": "https://feross.org/support"
                }
            ],
            "license": "MIT",
            "dependencies": {
                "queue-microtask": "^1.2.2"
            }
        },
        "node_modules/string-width": {
            "version": "4.2.3",
            "license": "MIT",
            "dependencies": {
                "emoji-regex": "^8.0.0",
                "is-fullwidth-code-point": "^3.0.0",
                "strip-ansi": "^6.0.1"
            },
            "engines": {
                "node": ">=8"
            }
        },
        "node_modules/strip-ansi": {
            "version": "6.0.1",
            "license": "MIT",
            "dependencies": {
                "ansi-regex": "^5.0.1"
            },
            "engines": {
                "node": ">=8"
            }
        },
        "node_modules/to-regex-range": {
            "version": "5.0.1",
            "license": "MIT",
            "dependencies": {
                "is-number": "^7.0.0"
            },
            "engines": {
                "node": ">=8.0"
            }
        },
        "node_modules/ts-node": {
            "version": "10.9.1",
            "dev": true,
            "license": "MIT",
            "dependencies": {
                "@cspotcode/source-map-support": "^0.8.0",
                "@tsconfig/node10": "^1.0.7",
                "@tsconfig/node12": "^1.0.7",
                "@tsconfig/node14": "^1.0.0",
                "@tsconfig/node16": "^1.0.2",
                "acorn": "^8.4.1",
                "acorn-walk": "^8.1.1",
                "arg": "^4.1.0",
                "create-require": "^1.1.0",
                "diff": "^4.0.1",
                "make-error": "^1.1.1",
                "v8-compile-cache-lib": "^3.0.1",
                "yn": "3.1.1"
            },
            "bin": {
                "ts-node": "dist/bin.js",
                "ts-node-cwd": "dist/bin-cwd.js",
                "ts-node-esm": "dist/bin-esm.js",
                "ts-node-script": "dist/bin-script.js",
                "ts-node-transpile-only": "dist/bin-transpile.js",
                "ts-script": "dist/bin-script-deprecated.js"
            },
            "peerDependencies": {
                "@swc/core": ">=1.2.50",
                "@swc/wasm": ">=1.2.50",
                "@types/node": "*",
                "typescript": ">=2.7"
            },
            "peerDependenciesMeta": {
                "@swc/core": {
                    "optional": true
                },
                "@swc/wasm": {
                    "optional": true
                }
            }
        },
        "node_modules/tslib": {
            "version": "2.6.0",
            "license": "0BSD"
        },
        "node_modules/typescript": {
            "version": "5.1.6",
            "dev": true,
            "license": "Apache-2.0",
            "bin": {
                "tsc": "bin/tsc",
                "tsserver": "bin/tsserver"
            },
            "engines": {
                "node": ">=14.17"
            }
        },
        "node_modules/universalify": {
            "version": "2.0.0",
            "license": "MIT",
            "engines": {
                "node": ">= 10.0.0"
            }
        },
        "node_modules/v8-compile-cache-lib": {
            "version": "3.0.1",
            "dev": true,
            "license": "MIT"
        },
        "node_modules/wrap-ansi": {
            "version": "7.0.0",
            "license": "MIT",
            "dependencies": {
                "ansi-styles": "^4.0.0",
                "string-width": "^4.1.0",
                "strip-ansi": "^6.0.0"
            },
            "engines": {
                "node": ">=10"
            },
            "funding": {
                "url": "https://github.com/chalk/wrap-ansi?sponsor=1"
            }
        },
        "node_modules/y18n": {
            "version": "5.0.8",
            "license": "ISC",
            "engines": {
                "node": ">=10"
            }
        },
        "node_modules/yaml": {
            "version": "2.3.1",
            "license": "ISC",
            "engines": {
                "node": ">= 14"
            }
        },
        "node_modules/yargs": {
            "version": "17.7.2",
            "license": "MIT",
            "dependencies": {
                "cliui": "^8.0.1",
                "escalade": "^3.1.1",
                "get-caller-file": "^2.0.5",
                "require-directory": "^2.1.1",
                "string-width": "^4.2.3",
                "y18n": "^5.0.5",
                "yargs-parser": "^21.1.1"
            },
            "engines": {
                "node": ">=12"
            }
        },
        "node_modules/yargs-parser": {
            "version": "21.1.1",
            "license": "ISC",
            "engines": {
                "node": ">=12"
            }
        },
        "node_modules/yargs/node_modules/require-directory": {
            "version": "2.1.1",
            "resolved": "https://registry.npmjs.org/require-directory/-/require-directory-2.1.1.tgz",
            "integrity": "sha512-fGxEI7+wsG9xrvdjsrlmL22OMTTiHRwAMroiEeMgq8gzoLC/PQr7RsRDSTLUg/bZAZtF+TVIkHc6/4RIKrui+Q==",
            "engines": {
                "node": ">=0.10.0"
            }
        },
        "node_modules/yn": {
            "version": "3.1.1",
            "dev": true,
            "license": "MIT",
            "engines": {
                "node": ">=6"
            }
        }
    },
    "dependencies": {
        "@azure/abort-controller": {
            "version": "1.1.0",
            "resolved": "https://registry.npmjs.org/@azure/abort-controller/-/abort-controller-1.1.0.tgz",
            "integrity": "sha512-TrRLIoSQVzfAJX9H1JeFjzAoDGcoK1IYX1UImfceTZpsyYfWr09Ss1aHW1y5TrrR3iq6RZLBwJ3E24uwPhwahw==",
            "requires": {
                "tslib": "^2.2.0"
            }
        },
        "@azure/core-auth": {
            "version": "1.5.0",
            "resolved": "https://registry.npmjs.org/@azure/core-auth/-/core-auth-1.5.0.tgz",
            "integrity": "sha512-udzoBuYG1VBoHVohDTrvKjyzel34zt77Bhp7dQntVGGD0ehVq48owENbBG8fIgkHRNUBQH5k1r0hpoMu5L8+kw==",
            "requires": {
                "@azure/abort-controller": "^1.0.0",
                "@azure/core-util": "^1.1.0",
                "tslib": "^2.2.0"
            }
        },
        "@azure/core-client": {
            "version": "1.7.3",
            "resolved": "https://registry.npmjs.org/@azure/core-client/-/core-client-1.7.3.tgz",
            "integrity": "sha512-kleJ1iUTxcO32Y06dH9Pfi9K4U+Tlb111WXEnbt7R/ne+NLRwppZiTGJuTD5VVoxTMK5NTbEtm5t2vcdNCFe2g==",
            "requires": {
                "@azure/abort-controller": "^1.0.0",
                "@azure/core-auth": "^1.4.0",
                "@azure/core-rest-pipeline": "^1.9.1",
                "@azure/core-tracing": "^1.0.0",
                "@azure/core-util": "^1.0.0",
                "@azure/logger": "^1.0.0",
                "tslib": "^2.2.0"
            }
        },
        "@azure/core-rest-pipeline": {
            "version": "1.12.1",
            "resolved": "https://registry.npmjs.org/@azure/core-rest-pipeline/-/core-rest-pipeline-1.12.1.tgz",
            "integrity": "sha512-SsyWQ+T5MFQRX+M8H/66AlaI6HyCbQStGfFngx2fuiW+vKI2DkhtOvbYodPyf9fOe/ARLWWc3ohX54lQ5Kmaog==",
            "requires": {
                "@azure/abort-controller": "^1.0.0",
                "@azure/core-auth": "^1.4.0",
                "@azure/core-tracing": "^1.0.1",
                "@azure/core-util": "^1.3.0",
                "@azure/logger": "^1.0.0",
                "form-data": "^4.0.0",
                "http-proxy-agent": "^5.0.0",
                "https-proxy-agent": "^5.0.0",
                "tslib": "^2.2.0"
            }
        },
        "@azure/core-tracing": {
            "version": "1.0.1",
            "resolved": "https://registry.npmjs.org/@azure/core-tracing/-/core-tracing-1.0.1.tgz",
            "integrity": "sha512-I5CGMoLtX+pI17ZdiFJZgxMJApsK6jjfm85hpgp3oazCdq5Wxgh4wMr7ge/TTWW1B5WBuvIOI1fMU/FrOAMKrw==",
            "requires": {
                "tslib": "^2.2.0"
            }
        },
        "@azure/core-util": {
            "version": "1.5.0",
            "resolved": "https://registry.npmjs.org/@azure/core-util/-/core-util-1.5.0.tgz",
            "integrity": "sha512-GZBpVFDtQ/15hW1OgBcRdT4Bl7AEpcEZqLfbAvOtm1CQUncKWiYapFHVD588hmlV27NbOOtSm3cnLF3lvoHi4g==",
            "requires": {
                "@azure/abort-controller": "^1.0.0",
                "tslib": "^2.2.0"
            }
        },
        "@azure/logger": {
            "version": "1.0.4",
            "resolved": "https://registry.npmjs.org/@azure/logger/-/logger-1.0.4.tgz",
            "integrity": "sha512-ustrPY8MryhloQj7OWGe+HrYx+aoiOxzbXTtgblbV3xwCqpzUK36phH3XNHQKj3EPonyFUuDTfR3qFhTEAuZEg==",
            "requires": {
                "tslib": "^2.2.0"
            }
        },
        "@cspotcode/source-map-support": {
            "version": "0.8.1",
            "dev": true,
            "requires": {
                "@jridgewell/trace-mapping": "0.3.9"
            }
        },
        "@jridgewell/resolve-uri": {
            "version": "3.1.1",
            "dev": true
        },
        "@jridgewell/sourcemap-codec": {
            "version": "1.4.15",
            "dev": true
        },
        "@jridgewell/trace-mapping": {
            "version": "0.3.9",
            "dev": true,
            "requires": {
                "@jridgewell/resolve-uri": "^3.0.3",
                "@jridgewell/sourcemap-codec": "^1.4.10"
            }
        },
        "@nodelib/fs.scandir": {
            "version": "2.1.5",
            "requires": {
                "@nodelib/fs.stat": "2.0.5",
                "run-parallel": "^1.1.9"
            }
        },
        "@nodelib/fs.stat": {
            "version": "2.0.5"
        },
        "@nodelib/fs.walk": {
            "version": "1.2.8",
            "requires": {
                "@nodelib/fs.scandir": "2.1.5",
                "fastq": "^1.6.0"
            }
        },
        "@tootallnate/once": {
            "version": "2.0.0"
        },
        "@tsconfig/node10": {
            "version": "1.0.9",
            "dev": true
        },
        "@tsconfig/node12": {
            "version": "1.0.11",
            "dev": true
        },
        "@tsconfig/node14": {
            "version": "1.0.3",
            "dev": true
        },
        "@tsconfig/node16": {
            "version": "1.0.4",
            "dev": true
        },
        "@types/fs-extra": {
            "version": "11.0.2",
            "resolved": "https://registry.npmjs.org/@types/fs-extra/-/fs-extra-11.0.2.tgz",
            "integrity": "sha512-c0hrgAOVYr21EX8J0jBMXGLMgJqVf/v6yxi0dLaJboW9aQPh16Id+z6w2Tx1hm+piJOLv8xPfVKZCLfjPw/IMQ==",
            "dev": true,
            "requires": {
                "@types/jsonfile": "*",
                "@types/node": "*"
            }
        },
        "@types/jsonfile": {
            "dev": true
        },
        "@types/node": {
            "version": "20.4.2",
            "dev": true
        },
        "@types/yargs": {
            "version": "17.0.24",
            "dev": true,
            "requires": {
                "@types/yargs-parser": "*"
            }
        },
        "@types/yargs-parser": {
            "version": "21.0.0",
            "dev": true
        },
        "acorn": {
            "version": "8.10.0",
            "dev": true
        },
        "acorn-walk": {
            "version": "8.2.0",
            "dev": true
        },
        "agent-base": {
            "version": "6.0.2",
            "requires": {
                "debug": "4"
            }
        },
        "ansi-regex": {
            "version": "5.0.1"
        },
        "ansi-styles": {
            "version": "4.3.0",
            "requires": {
                "color-convert": "^2.0.1"
            }
        },
        "arg": {
            "version": "4.1.3",
            "dev": true
        },
        "asynckit": {},
        "autorest": {
            "version": "3.6.3",
            "resolved": "https://registry.npmjs.org/autorest/-/autorest-3.6.3.tgz",
            "integrity": "sha512-j/Axwk9bniifTNtBLYVxfQZGQIGPKljFaCQCBWOiybVar2j3tkHP1btiC4a/t9pAJXY6IaFgWctoPM3G/Puhyg==",
            "dev": true
        },
        "braces": {
            "version": "3.0.2",
            "requires": {
                "fill-range": "^7.0.1"
            }
        },
        "cliui": {
            "version": "8.0.1",
            "requires": {
                "string-width": "^4.2.0",
                "strip-ansi": "^6.0.1",
                "wrap-ansi": "^7.0.0"
            }
        },
        "color-convert": {
            "version": "2.0.1",
            "requires": {
                "color-name": "~1.1.4"
            }
        },
        "color-name": {
            "version": "1.1.4"
        },
        "combined-stream": {
            "version": "1.0.8",
            "requires": {
                "delayed-stream": "~1.0.0"
            }
        },
        "create-require": {
            "version": "1.1.1",
            "dev": true
        },
        "debug": {
            "version": "4.3.4",
            "requires": {
                "ms": "2.1.2"
            }
        },
        "delayed-stream": {},
        "diff": {
            "version": "4.0.2",
            "dev": true
        },
        "emoji-regex": {
            "version": "8.0.0"
        },
        "escalade": {
            "version": "3.1.1"
        },
        "fast-glob": {
            "version": "3.3.0",
            "requires": {
                "@nodelib/fs.stat": "^2.0.2",
                "@nodelib/fs.walk": "^1.2.3",
                "glob-parent": "^5.1.2",
                "merge2": "^1.3.0",
                "micromatch": "^4.0.4"
            }
        },
        "fastq": {
            "version": "1.15.0",
            "requires": {
                "reusify": "^1.0.4"
            }
        },
        "fill-range": {
            "version": "7.0.1",
            "requires": {
                "to-regex-range": "^5.0.1"
            }
        },
        "form-data": {
            "version": "4.0.0",
            "requires": {
                "asynckit": "^0.4.0",
                "combined-stream": "^1.0.8",
                "mime-types": "^2.1.12"
            }
        },
        "fp-ts": {
            "version": "2.16.1",
            "resolved": "https://registry.npmjs.org/fp-ts/-/fp-ts-2.16.1.tgz",
            "integrity": "sha512-by7U5W8dkIzcvDofUcO42yl9JbnHTEDBrzu3pt5fKT+Z4Oy85I21K80EYJYdjQGC2qum4Vo55Ag57iiIK4FYuA=="
        },
        "fs-extra": {
            "version": "11.1.1",
            "requires": {
                "graceful-fs": "^4.2.0",
                "jsonfile": "^6.0.1",
                "universalify": "^2.0.0"
            }
        },
        "get-caller-file": {
            "version": "2.0.5"
        },
        "glob-parent": {
            "version": "5.1.2",
            "requires": {
                "is-glob": "^4.0.1"
            }
        },
        "graceful-fs": {
            "version": "4.2.11"
        },
        "http-proxy-agent": {
            "version": "5.0.0",
            "requires": {
                "@tootallnate/once": "2",
                "agent-base": "6",
                "debug": "4"
            }
        },
        "https-proxy-agent": {
            "version": "5.0.1",
            "requires": {
                "agent-base": "6",
                "debug": "4"
            }
        },
        "io-ts": {
            "version": "2.2.20",
            "resolved": "https://registry.npmjs.org/io-ts/-/io-ts-2.2.20.tgz",
            "integrity": "sha512-Rq2BsYmtwS5vVttie4rqrOCIfHCS9TgpRLFpKQCM1wZBBRY9nWVGmEvm2FnDbSE2un1UE39DvFpTR5UL47YDcA==",
            "requires": {}
        },
        "is-fullwidth-code-point": {
            "version": "3.0.0"
        },
        "is-glob": {
            "version": "4.0.3",
            "requires": {
                "is-extglob": "^2.1.1"
            },
            "dependencies": {
                "is-extglob": {
                    "version": "2.1.1",
                    "resolved": "https://registry.npmjs.org/is-extglob/-/is-extglob-2.1.1.tgz",
                    "integrity": "sha512-SbKbANkN603Vi4jEZv49LeVJMn4yGwsbzZworEoyEiutsN3nJYdbO36zfhGJ6QEDpOZIFkDtnq5JRxmvl3jsoQ=="
                }
            }
        },
        "is-number": {
            "version": "7.0.0"
        },
        "jsonfile": {
            "version": "6.1.0",
            "requires": {
                "graceful-fs": "^4.1.6",
                "universalify": "^2.0.0"
            }
        },
        "make-error": {
            "version": "1.3.6",
            "dev": true
        },
        "merge2": {
            "version": "1.4.1"
        },
        "micromatch": {
            "version": "4.0.5",
            "requires": {
                "braces": "^3.0.2",
                "picomatch": "^2.3.1"
            }
        },
        "mime-db": {
            "version": "1.52.0"
        },
        "mime-types": {
            "version": "2.1.35",
            "requires": {
                "mime-db": "1.52.0"
            }
        },
        "ms": {
            "version": "2.1.2"
        },
        "picomatch": {
            "version": "2.3.1"
        },
        "queue-microtask": {
            "version": "1.2.3"
        },
        "reusify": {
            "version": "1.0.4"
        },
        "run-parallel": {
            "version": "1.2.0",
            "requires": {
                "queue-microtask": "^1.2.2"
            }
        },
        "string-width": {
            "version": "4.2.3",
            "requires": {
                "emoji-regex": "^8.0.0",
                "is-fullwidth-code-point": "^3.0.0",
                "strip-ansi": "^6.0.1"
            }
        },
        "strip-ansi": {
            "version": "6.0.1",
            "requires": {
                "ansi-regex": "^5.0.1"
            }
        },
        "to-regex-range": {
            "version": "5.0.1",
            "requires": {
                "is-number": "^7.0.0"
            }
        },
        "ts-node": {
            "version": "10.9.1",
            "dev": true,
            "requires": {
                "@cspotcode/source-map-support": "^0.8.0",
                "@tsconfig/node10": "^1.0.7",
                "@tsconfig/node12": "^1.0.7",
                "@tsconfig/node14": "^1.0.0",
                "@tsconfig/node16": "^1.0.2",
                "acorn": "^8.4.1",
                "acorn-walk": "^8.1.1",
                "arg": "^4.1.0",
                "create-require": "^1.1.0",
                "diff": "^4.0.1",
                "make-error": "^1.1.1",
                "v8-compile-cache-lib": "^3.0.1",
                "yn": "3.1.1"
            }
        },
        "tslib": {
            "version": "2.6.0"
        },
        "typescript": {
            "version": "5.1.6",
            "dev": true
        },
        "universalify": {
            "version": "2.0.0"
        },
        "v8-compile-cache-lib": {
            "version": "3.0.1",
            "dev": true
        },
        "wrap-ansi": {
            "version": "7.0.0",
            "requires": {
                "ansi-styles": "^4.0.0",
                "string-width": "^4.1.0",
                "strip-ansi": "^6.0.0"
            }
        },
        "y18n": {
            "version": "5.0.8"
        },
        "yaml": {
            "version": "2.3.1"
        },
        "yargs": {
            "version": "17.7.2",
            "requires": {
                "cliui": "^8.0.1",
                "escalade": "^3.1.1",
                "get-caller-file": "^2.0.5",
                "require-directory": "^2.1.1",
                "string-width": "^4.2.3",
                "y18n": "^5.0.5",
                "yargs-parser": "^21.1.1"
            },
            "dependencies": {
                "require-directory": {
                    "version": "2.1.1",
                    "resolved": "https://registry.npmjs.org/require-directory/-/require-directory-2.1.1.tgz",
                    "integrity": "sha512-fGxEI7+wsG9xrvdjsrlmL22OMTTiHRwAMroiEeMgq8gzoLC/PQr7RsRDSTLUg/bZAZtF+TVIkHc6/4RIKrui+Q=="
                }
            }
        },
        "yargs-parser": {
            "version": "21.1.1"
        },
        "yn": {
            "version": "3.1.1",
            "dev": true
        }
    }
}
