{
  "name": "tms-sync",
  "version": "1.0.0",
  "lockfileVersion": 3,
  "requires": true,
  "packages": {
    "": {
      "name": "tms-sync",
      "version": "1.0.0",
      "license": "ISC",
      "dependencies": {
        "autorest": "^3.6.3"
      }
    },
    "node_modules/autorest": {
      "version": "3.6.3",
      "resolved": "https://npm.yandex-team.ru/autorest/-/autorest-3.6.3.tgz?rbtorrent=99325027daff4aefbbd599d6eadbfd4c58dd2759",
      "integrity": "sha512-j/Axwk9bniifTNtBLYVxfQZGQIGPKljFaCQCBWOiybVar2j3tkHP1btiC4a/t9pAJXY6IaFgWctoPM3G/Puhyg==",
      "hasInstallScript": true,
      "license": "MIT",
      "bin": {
        "autorest": "entrypoints/app.js"
      },
      "engines": {
        "node": ">=12.0.0"
      }
    }
  }
}
